
Microsoft Visual Studio Solution File, Format Version 12.00
# Visual Studio 15
Project("{FAE04EC0-301F-11D3-BF4B-00C04F79EFBC}") = "Assembly-CSharp", "Assembly-CSharp.csproj", "{208DA3E5-A011-7E80-1F38-E87576C4853D}"
EndProject
Project("{FAE04EC0-301F-11D3-BF4B-00C04F79EFBC}") = "Assembly-CSharp-Editor", "Assembly-CSharp-Editor.csproj", "{DAE7AE32-0225-148A-2973-71D8E8CD04D9}"
EndProject
Global
	GlobalSection(SolutionConfigurationPlatforms) = preSolution
		Debug|Any CPU = Debug|Any CPU
		Release|Any CPU = Release|Any CPU
	EndGlobalSection
	GlobalSection(ProjectConfigurationPlatforms) = postSolution
		{208DA3E5-A011-7E80-1F38-E87576C4853D}.Debug|Any CPU.ActiveCfg = Debug|Any CPU
		{208DA3E5-A011-7E80-1F38-E87576C4853D}.Debug|Any CPU.Build.0 = Debug|Any CPU
		{208DA3E5-A011-7E80-1F38-E87576C4853D}.Release|Any CPU.ActiveCfg = Release|Any CPU
		{208DA3E5-A011-7E80-1F38-E87576C4853D}.Release|Any CPU.Build.0 = Release|Any CPU
		{DAE7AE32-0225-148A-2973-71D8E8CD04D9}.Debug|Any CPU.ActiveCfg = Debug|Any CPU
		{DAE7AE32-0225-148A-2973-71D8E8CD04D9}.Debug|Any CPU.Build.0 = Debug|Any CPU
		{DAE7AE32-0225-148A-2973-71D8E8CD04D9}.Release|Any CPU.ActiveCfg = Release|Any CPU
		{DAE7AE32-0225-148A-2973-71D8E8CD04D9}.Release|Any CPU.Build.0 = Release|Any CPU
	EndGlobalSection
	GlobalSection(SolutionProperties) = preSolution
		HideSolutionNode = FALSE
	EndGlobalSection
EndGlobal
